
Microsoft Visual Studio Solution File, Format Version 12.00
Project("{FAE04EC0-301F-11D3-BF4B-00C04F79EFBC}") = "M1_P1", "M1_P1\M1_P1.csproj", "{56EFC076-F14F-4FA2-9D57-3417460C7022}"
EndProject
Global
	GlobalSection(SolutionConfigurationPlatforms) = preSolution
		Debug|Any CPU = Debug|Any CPU
		Release|Any CPU = Release|Any CPU
	EndGlobalSection
	GlobalSection(ProjectConfigurationPlatforms) = postSolution
		{56EFC076-F14F-4FA2-9D57-3417460C7022}.Debug|Any CPU.ActiveCfg = Debug|Any CPU
		{56EFC076-F14F-4FA2-9D57-3417460C7022}.Debug|Any CPU.Build.0 = Debug|Any CPU
		{56EFC076-F14F-4FA2-9D57-3417460C7022}.Release|Any CPU.ActiveCfg = Release|Any CPU
		{56EFC076-F14F-4FA2-9D57-3417460C7022}.Release|Any CPU.Build.0 = Release|Any CPU
	EndGlobalSection
EndGlobal
